// !$*UTF8*$!
{
	archiveVersion = 1;
	classes = {
	};
	objectVersion = 46;
	objects = {

/* Begin PBXBuildFile section */
		E1D38B901EBE36B300074004 /* AppDelegate.swift in Sources */ = {isa = PBXBuildFile; fileRef = E1D38B8F1EBE36B300074004 /* AppDelegate.swift */; };
		E1D38B971EBE36B300074004 /* Assets.xcassets in Resources */ = {isa = PBXBuildFile; fileRef = E1D38B961EBE36B300074004 /* Assets.xcassets */; };
		E1D38B9A1EBE36B300074004 /* LaunchScreen.storyboard in Resources */ = {isa = PBXBuildFile; fileRef = E1D38B981EBE36B300074004 /* LaunchScreen.storyboard */; };
		E1D38BA41EBE36DF00074004 /* PageViewController.swift in Sources */ = {isa = PBXBuildFile; fileRef = E1D38BA11EBE36DF00074004 /* PageViewController.swift */; };
		E1D38BA51EBE36DF00074004 /* PageViewVC.swift in Sources */ = {isa = PBXBuildFile; fileRef = E1D38BA21EBE36DF00074004 /* PageViewVC.swift */; };
		E1D38BA61EBE36DF00074004 /* PhotoVC.swift in Sources */ = {isa = PBXBuildFile; fileRef = E1D38BA31EBE36DF00074004 /* PhotoVC.swift */; };
		E1D38BA81EBE36E700074004 /* PageControl.storyboard in Resources */ = {isa = PBXBuildFile; fileRef = E1D38BA71EBE36E700074004 /* PageControl.storyboard */; };
/* End PBXBuildFile section */

/* Begin PBXFileReference section */
		E1D38B8C1EBE36B300074004 /* PageControl.app */ = {isa = PBXFileReference; explicitFileType = wrapper.application; includeInIndex = 0; path = PageControl.app; sourceTree = BUILT_PRODUCTS_DIR; };
		E1D38B8F1EBE36B300074004 /* AppDelegate.swift */ = {isa = PBXFileReference; lastKnownFileType = sourcecode.swift; path = AppDelegate.swift; sourceTree = "<group>"; };
		E1D38B961EBE36B300074004 /* Assets.xcassets */ = {isa = PBXFileReference; lastKnownFileType = folder.assetcatalog; path = Assets.xcassets; sourceTree = "<group>"; };
		E1D38B991EBE36B300074004 /* Base */ = {isa = PBXFileReference; lastKnownFileType = file.storyboard; name = Base; path = Base.lproj/LaunchScreen.storyboard; sourceTree = "<group>"; };
		E1D38B9B1EBE36B300074004 /* Info.plist */ = {isa = PBXFileReference; lastKnownFileType = text.plist.xml; path = Info.plist; sourceTree = "<group>"; };
		E1D38BA11EBE36DF00074004 /* PageViewController.swift */ = {isa = PBXFileReference; fileEncoding = 4; lastKnownFileType = sourcecode.swift; path = PageViewController.swift; sourceTree = "<group>"; };
		E1D38BA21EBE36DF00074004 /* PageViewVC.swift */ = {isa = PBXFileReference; fileEncoding = 4; lastKnownFileType = sourcecode.swift; path = PageViewVC.swift; sourceTree = "<group>"; };
		E1D38BA31EBE36DF00074004 /* PhotoVC.swift */ = {isa = PBXFileReference; fileEncoding = 4; lastKnownFileType = sourcecode.swift; path = PhotoVC.swift; sourceTree = "<group>"; };
		E1D38BA71EBE36E700074004 /* PageControl.storyboard */ = {isa = PBXFileReference; fileEncoding = 4; lastKnownFileType = file.storyboard; path = PageControl.storyboard; sourceTree = "<group>"; };
/* End PBXFileReference section */

/* Begin PBXFrameworksBuildPhase section */
		E1D38B891EBE36B300074004 /* Frameworks */ = {
			isa = PBXFrameworksBuildPhase;
			buildActionMask = 2147483647;
			files = (
			);
			runOnlyForDeploymentPostprocessing = 0;
		};
/* End PBXFrameworksBuildPhase section */

/* Begin PBXGroup section */
		E1D38B831EBE36B300074004 = {
			isa = PBXGroup;
			children = (
				E1D38B8E1EBE36B300074004 /* PageControl */,
				E1D38B8D1EBE36B300074004 /* Products */,
			);
			sourceTree = "<group>";
		};
		E1D38B8D1EBE36B300074004 /* Products */ = {
			isa = PBXGroup;
			children = (
				E1D38B8C1EBE36B300074004 /* PageControl.app */,
			);
			name = Products;
			sourceTree = "<group>";
		};
		E1D38B8E1EBE36B300074004 /* PageControl */ = {
			isa = PBXGroup;
			children = (
				E1D38B8F1EBE36B300074004 /* AppDelegate.swift */,
				E1D38BA71EBE36E700074004 /* PageControl.storyboard */,
				E1D38BA11EBE36DF00074004 /* PageViewController.swift */,
				E1D38BA21EBE36DF00074004 /* PageViewVC.swift */,
				E1D38BA31EBE36DF00074004 /* PhotoVC.swift */,
				E1D38B961EBE36B300074004 /* Assets.xcassets */,
				E1D38B981EBE36B300074004 /* LaunchScreen.storyboard */,
				E1D38B9B1EBE36B300074004 /* Info.plist */,
			);
			path = PageControl;
			sourceTree = "<group>";
		};
/* End PBXGroup section */

/* Begin PBXNativeTarget section */
		E1D38B8B1EBE36B300074004 /* PageControl */ = {
			isa = PBXNativeTarget;
			buildConfigurationList = E1D38B9E1EBE36B300074004 /* Build configuration list for PBXNativeTarget "PageControl" */;
			buildPhases = (
				E1D38B881EBE36B300074004 /* Sources */,
				E1D38B891EBE36B300074004 /* Frameworks */,
				E1D38B8A1EBE36B300074004 /* Resources */,
			);
			buildRules = (
			);
			dependencies = (
			);
			name = PageControl;
			productName = PageControl;
			productReference = E1D38B8C1EBE36B300074004 /* PageControl.app */;
			productType = "com.apple.product-type.application";
		};
/* End PBXNativeTarget section */

/* Begin PBXProject section */
		E1D38B841EBE36B300074004 /* Project object */ = {
			isa = PBXProject;
			attributes = {
				LastSwiftUpdateCheck = 0830;
				LastUpgradeCheck = 0830;
				ORGANIZATIONNAME = "Maor Shams";
				TargetAttributes = {
					E1D38B8B1EBE36B300074004 = {
						CreatedOnToolsVersion = 8.3.2;
						DevelopmentTeam = FPKJ9P7BGC;
						ProvisioningStyle = Automatic;
					};
				};
			};
			buildConfigurationList = E1D38B871EBE36B300074004 /* Build configuration list for PBXProject "PageControl" */;
			compatibilityVersion = "Xcode 3.2";
			developmentRegion = English;
			hasScannedForEncodings = 0;
			knownRegions = (
				en,
				Base,
			);
			mainGroup = E1D38B831EBE36B300074004;
			productRefGroup = E1D38B8D1EBE36B300074004 /* Products */;
			projectDirPath = "";
			projectRoot = "";
			targets = (
				E1D38B8B1EBE36B300074004 /* PageControl */,
			);
		};
/* End PBXProject section */

/* Begin PBXResourcesBuildPhase section */
		E1D38B8A1EBE36B300074004 /* Resources */ = {
			isa = PBXResourcesBuildPhase;
			buildActionMask = 2147483647;
			files = (
				E1D38B9A1EBE36B300074004 /* LaunchScreen.storyboard in Resources */,
				E1D38B971EBE36B300074004 /* Assets.xcassets in Resources */,
				E1D38BA81EBE36E700074004 /* PageControl.storyboard in Resources */,
			);
			runOnlyForDeploymentPostprocessing = 0;
		};
/* End PBXResourcesBuildPhase section */

/* Begin PBXSourcesBuildPhase section */
		E1D38B881EBE36B300074004 /* Sources */ = {
			isa = PBXSourcesBuildPhase;
			buildActionMask = 2147483647;
			files = (
				E1D38B901EBE36B300074004 /* AppDelegate.swift in Sources */,
				E1D38BA51EBE36DF00074004 /* PageViewVC.swift in Sources */,
				E1D38BA41EBE36DF00074004 /* PageViewController.swift in Sources */,
				E1D38BA61EBE36DF00074004 /* PhotoVC.swift in Sources */,
			);
			runOnlyForDeploymentPostprocessing = 0;
		};
/* End PBXSourcesBuildPhase section */

/* Begin PBXVariantGroup section */
		E1D38B981EBE36B300074004 /* LaunchScreen.storyboard */ = {
			isa = PBXVariantGroup;
			children = (
				E1D38B991EBE36B300074004 /* Base */,
			);
			name = LaunchScreen.storyboard;
			sourceTree = "<group>";
		};
/* End PBXVariantGroup section */

/* Begin XCBuildConfiguration section */
		E1D38B9C1EBE36B300074004 /* Debug */ = {
			isa = XCBuildConfiguration;
			buildSettings = {
				ALWAYS_SEARCH_USER_PATHS = NO;
				CLANG_ANALYZER_NONNULL = YES;
				CLANG_ANALYZER_NUMBER_OBJECT_CONVERSION = YES_AGGRESSIVE;
				CLANG_CXX_LANGUAGE_STANDARD = "gnu++0x";
				CLANG_CXX_LIBRARY = "libc++";
				CLANG_ENABLE_MODULES = YES;
				CLANG_ENABLE_OBJC_ARC = YES;
				CLANG_WARN_BOOL_CONVERSION = YES;
				CLANG_WARN_CONSTANT_CONVERSION = YES;
				CLANG_WARN_DIRECT_OBJC_ISA_USAGE = YES_ERROR;
				CLANG_WARN_DOCUMENTATION_COMMENTS = YES;
				CLANG_WARN_EMPTY_BODY = YES;
				CLANG_WARN_ENUM_CONVERSION = YES;
				CLANG_WARN_INFINITE_RECURSION = YES;
				CLANG_WARN_INT_CONVERSION = YES;
				CLANG_WARN_OBJC_ROOT_CLASS = YES_ERROR;
				CLANG_WARN_SUSPICIOUS_MOVE = YES;
				CLANG_WARN_UNREACHABLE_CODE = YES;
				CLANG_WARN__DUPLICATE_METHOD_MATCH = YES;
				"CODE_SIGN_IDENTITY[sdk=iphoneos*]" = "iPhone Developer";
				COPY_PHASE_STRIP = NO;
				DEBUG_INFORMATION_FORMAT = dwarf;
				ENABLE_STRICT_OBJC_MSGSEND = YES;
				ENABLE_TESTABILITY = YES;
				GCC_C_LANGUAGE_STANDARD = gnu99;
				GCC_DYNAMIC_NO_PIC = NO;
				GCC_NO_COMMON_BLOCKS = YES;
				GCC_OPTIMIZATION_LEVEL = 0;
				GCC_PREPROCESSOR_DEFINITIONS = (
					"DEBUG=1",
					"$(inherited)",
				);
				GCC_WARN_64_TO_32_BIT_CONVERSION = YES;
				GCC_WARN_ABOUT_RETURN_TYPE = YES_ERROR;
				GCC_WARN_UNDECLARED_SELECTOR = YES;
				GCC_WARN_UNINITIALIZED_AUTOS = YES_AGGRESSIVE;
				GCC_WARN_UNUSED_FUNCTION = YES;
				GCC_WARN_UNUSED_VARIABLE = YES;
				IPHONEOS_DEPLOYMENT_TARGET = 10.3;
				MTL_ENABLE_DEBUG_INFO = YES;
				ONLY_ACTIVE_ARCH = YES;
				SDKROOT = iphoneos;
				SWIFT_ACTIVE_COMPILATION_CONDITIONS = DEBUG;
				SWIFT_OPTIMIZATION_LEVEL = "-Onone";
				TARGETED_DEVICE_FAMILY = "1,2";
			};
			name = Debug;
		};
		E1D38B9D1EBE36B300074004 /* Release */ = {
			isa = XCBuildConfiguration;
			buildSettings = {
				ALWAYS_SEARCH_USER_PATHS = NO;
				CLANG_ANALYZER_NONNULL = YES;
				CLANG_ANALYZER_NUMBER_OBJECT_CONVERSION = YES_AGGRESSIVE;
				CLANG_CXX_LANGUAGE_STANDARD = "gnu++0x";
				CLANG_CXX_LIBRARY = "libc++";
				CLANG_ENABLE_MODULES = YES;
				CLANG_ENABLE_OBJC_ARC = YES;
				CLANG_WARN_BOOL_CONVERSION = YES;
				CLANG_WARN_CONSTANT_CONVERSION = YES;
				CLANG_WARN_DIRECT_OBJC_ISA_USAGE = YES_ERROR;
				CLANG_WARN_DOCUMENTATION_COMMENTS = YES;
				CLANG_WARN_EMPTY_BODY = YES;
				CLANG_WARN_ENUM_CONVERSION = YES;
				CLANG_WARN_INFINITE_RECURSION = YES;
				CLANG_WARN_INT_CONVERSION = YES;
				CLANG_WARN_OBJC_ROOT_CLASS = YES_ERROR;
				CLANG_WARN_SUSPICIOUS_MOVE = YES;
				CLANG_WARN_UNREACHABLE_CODE = YES;
				CLANG_WARN__DUPLICATE_METHOD_MATCH = YES;
				"CODE_SIGN_IDENTITY[sdk=iphoneos*]" = "iPhone Developer";
				COPY_PHASE_STRIP = NO;
				DEBUG_INFORMATION_FORMAT = "dwarf-with-dsym";
				ENABLE_NS_ASSERTIONS = NO;
				ENABLE_STRICT_OBJC_MSGSEND = YES;
				GCC_C_LANGUAGE_STANDARD = gnu99;
				GCC_NO_COMMON_BLOCKS = YES;
				GCC_WARN_64_TO_32_BIT_CONVERSION = YES;
				GCC_WARN_ABOUT_RETURN_TYPE = YES_ERROR;
				GCC_WARN_UNDECLARED_SELECTOR = YES;
				GCC_WARN_UNINITIALIZED_AUTOS = YES_AGGRESSIVE;
				GCC_WARN_UNUSED_FUNCTION = YES;
				GCC_WARN_UNUSED_VARIABLE = YES;
				IPHONEOS_DEPLOYMENT_TARGET = 10.3;
				MTL_ENABLE_DEBUG_INFO = NO;
				SDKROOT = iphoneos;
				SWIFT_OPTIMIZATION_LEVEL = "-Owholemodule";
				TARGETED_DEVICE_FAMILY = "1,2";
				VALIDATE_PRODUCT = YES;
			};
			name = Release;
		};
		E1D38B9F1EBE36B300074004 /* Debug */ = {
			isa = XCBuildConfiguration;
			buildSettings = {
				ASSETCATALOG_COMPILER_APPICON_NAME = AppIcon;
				DEVELOPMENT_TEAM = FPKJ9P7BGC;
				INFOPLIST_FILE = PageControl/Info.plist;
				LD_RUNPATH_SEARCH_PATHS = "$(inherited) @executable_path/Frameworks";
				PRODUCT_BUNDLE_IDENTIFIER = maor.PageControl;
				PRODUCT_NAME = "$(TARGET_NAME)";
				SWIFT_VERSION = 3.0;
			};
			name = Debug;
		};
		E1D38BA01EBE36B300074004 /* Release */ = {
			isa = XCBuildConfiguration;
			buildSettings = {
				ASSETCATALOG_COMPILER_APPICON_NAME = AppIcon;
				DEVELOPMENT_TEAM = FPKJ9P7BGC;
				INFOPLIST_FILE = PageControl/Info.plist;
				LD_RUNPATH_SEARCH_PATHS = "$(inherited) @executable_path/Frameworks";
				PRODUCT_BUNDLE_IDENTIFIER = maor.PageControl;
				PRODUCT_NAME = "$(TARGET_NAME)";
				SWIFT_VERSION = 3.0;
			};
			name = Release;
		};
/* End XCBuildConfiguration section */

/* Begin XCConfigurationList section */
		E1D38B871EBE36B300074004 /* Build configuration list for PBXProject "PageControl" */ = {
			isa = XCConfigurationList;
			buildConfigurations = (
				E1D38B9C1EBE36B300074004 /* Debug */,
				E1D38B9D1EBE36B300074004 /* Release */,
			);
			defaultConfigurationIsVisible = 0;
			defaultConfigurationName = Release;
		};
		E1D38B9E1EBE36B300074004 /* Build configuration list for PBXNativeTarget "PageControl" */ = {
			isa = XCConfigurationList;
			buildConfigurations = (
				E1D38B9F1EBE36B300074004 /* Debug */,
				E1D38BA01EBE36B300074004 /* Release */,
			);
			defaultConfigurationIsVisible = 0;
		};
/* End XCConfigurationList section */
	};
	rootObject = E1D38B841EBE36B300074004 /* Project object */;
}
